// !$*UTF8*$!
{
	archiveVersion = 1;
	classes = {
	};
	objectVersion = 46;
	objects = {

/* Begin PBXBuildFile section */
		8A16E6DB1C113A7E003E460E /* AppDelegate.swift in Sources */ = {isa = PBXBuildFile; fileRef = 8A16E6DA1C113A7E003E460E /* AppDelegate.swift */; };
		8A16E6DD1C113A7E003E460E /* ViewController.swift in Sources */ = {isa = PBXBuildFile; fileRef = 8A16E6DC1C113A7E003E460E /* ViewController.swift */; };
		8A16E6E01C113A7E003E460E /* Main.storyboard in Resources */ = {isa = PBXBuildFile; fileRef = 8A16E6DE1C113A7E003E460E /* Main.storyboard */; };
		8A16E6E21C113A7E003E460E /* Assets.xcassets in Resources */ = {isa = PBXBuildFile; fileRef = 8A16E6E11C113A7E003E460E /* Assets.xcassets */; };
		8A16E6E51C113A7E003E460E /* LaunchScreen.storyboard in Resources */ = {isa = PBXBuildFile; fileRef = 8A16E6E31C113A7E003E460E /* LaunchScreen.storyboard */; };
		8A16E6ED1C113C83003E460E /* dataStruct.swift in Sources */ = {isa = PBXBuildFile; fileRef = 8A16E6EC1C113C83003E460E /* dataStruct.swift */; };
/* End PBXBuildFile section */

/* Begin PBXFileReference section */
		8A16E6D71C113A7E003E460E /* masFeliz.app */ = {isa = PBXFileReference; explicitFileType = wrapper.application; includeInIndex = 0; path = masFeliz.app; sourceTree = BUILT_PRODUCTS_DIR; };
		8A16E6DA1C113A7E003E460E /* AppDelegate.swift */ = {isa = PBXFileReference; lastKnownFileType = sourcecode.swift; path = AppDelegate.swift; sourceTree = "<group>"; };
		8A16E6DC1C113A7E003E460E /* ViewController.swift */ = {isa = PBXFileReference; lastKnownFileType = sourcecode.swift; path = ViewController.swift; sourceTree = "<group>"; };
		8A16E6DF1C113A7E003E460E /* Base */ = {isa = PBXFileReference; lastKnownFileType = file.storyboard; name = Base; path = Base.lproj/Main.storyboard; sourceTree = "<group>"; };
		8A16E6E11C113A7E003E460E /* Assets.xcassets */ = {isa = PBXFileReference; lastKnownFileType = folder.assetcatalog; path = Assets.xcassets; sourceTree = "<group>"; };
		8A16E6E41C113A7E003E460E /* Base */ = {isa = PBXFileReference; lastKnownFileType = file.storyboard; name = Base; path = Base.lproj/LaunchScreen.storyboard; sourceTree = "<group>"; };
		8A16E6E61C113A7E003E460E /* Info.plist */ = {isa = PBXFileReference; lastKnownFileType = text.plist.xml; path = Info.plist; sourceTree = "<group>"; };
		8A16E6EC1C113C83003E460E /* dataStruct.swift */ = {isa = PBXFileReference; fileEncoding = 4; lastKnownFileType = sourcecode.swift; path = dataStruct.swift; sourceTree = "<group>"; };
/* End PBXFileReference section */

/* Begin PBXFrameworksBuildPhase section */
		8A16E6D41C113A7E003E460E /* Frameworks */ = {
			isa = PBXFrameworksBuildPhase;
			buildActionMask = 2147483647;
			files = (
			);
			runOnlyForDeploymentPostprocessing = 0;
		};
/* End PBXFrameworksBuildPhase section */

/* Begin PBXGroup section */
		8A16E6CE1C113A7E003E460E = {
			isa = PBXGroup;
			children = (
				8A16E6D91C113A7E003E460E /* masFeliz */,
				8A16E6D81C113A7E003E460E /* Products */,
			);
			sourceTree = "<group>";
		};
		8A16E6D81C113A7E003E460E /* Products */ = {
			isa = PBXGroup;
			children = (
				8A16E6D71C113A7E003E460E /* masFeliz.app */,
			);
			name = Products;
			sourceTree = "<group>";
		};
		8A16E6D91C113A7E003E460E /* masFeliz */ = {
			isa = PBXGroup;
			children = (
				8A16E6DA1C113A7E003E460E /* AppDelegate.swift */,
				8A16E6DC1C113A7E003E460E /* ViewController.swift */,
				8A16E6DE1C113A7E003E460E /* Main.storyboard */,
				8A16E6EC1C113C83003E460E /* dataStruct.swift */,
				8A16E6E11C113A7E003E460E /* Assets.xcassets */,
				8A16E6E31C113A7E003E460E /* LaunchScreen.storyboard */,
				8A16E6E61C113A7E003E460E /* Info.plist */,
			);
			path = masFeliz;
			sourceTree = "<group>";
		};
/* End PBXGroup section */

/* Begin PBXNativeTarget section */
		8A16E6D61C113A7E003E460E /* masFeliz */ = {
			isa = PBXNativeTarget;
			buildConfigurationList = 8A16E6E91C113A7E003E460E /* Build configuration list for PBXNativeTarget "masFeliz" */;
			buildPhases = (
				8A16E6D31C113A7E003E460E /* Sources */,
				8A16E6D41C113A7E003E460E /* Frameworks */,
				8A16E6D51C113A7E003E460E /* Resources */,
			);
			buildRules = (
			);
			dependencies = (
			);
			name = masFeliz;
			productName = masFeliz;
			productReference = 8A16E6D71C113A7E003E460E /* masFeliz.app */;
			productType = "com.apple.product-type.application";
		};
/* End PBXNativeTarget section */

/* Begin PBXProject section */
		8A16E6CF1C113A7E003E460E /* Project object */ = {
			isa = PBXProject;
			attributes = {
				LastSwiftUpdateCheck = 0710;
				LastUpgradeCheck = 0710;
				ORGANIZATIONNAME = "Angel Agustín Martínez";
				TargetAttributes = {
					8A16E6D61C113A7E003E460E = {
						CreatedOnToolsVersion = 7.1.1;
					};
				};
			};
			buildConfigurationList = 8A16E6D21C113A7E003E460E /* Build configuration list for PBXProject "masFeliz" */;
			compatibilityVersion = "Xcode 3.2";
			developmentRegion = English;
			hasScannedForEncodings = 0;
			knownRegions = (
				en,
				Base,
			);
			mainGroup = 8A16E6CE1C113A7E003E460E;
			productRefGroup = 8A16E6D81C113A7E003E460E /* Products */;
			projectDirPath = "";
			projectRoot = "";
			targets = (
				8A16E6D61C113A7E003E460E /* masFeliz */,
			);
		};
/* End PBXProject section */

/* Begin PBXResourcesBuildPhase section */
		8A16E6D51C113A7E003E460E /* Resources */ = {
			isa = PBXResourcesBuildPhase;
			buildActionMask = 2147483647;
			files = (
				8A16E6E51C113A7E003E460E /* LaunchScreen.storyboard in Resources */,
				8A16E6E21C113A7E003E460E /* Assets.xcassets in Resources */,
				8A16E6E01C113A7E003E460E /* Main.storyboard in Resources */,
			);
			runOnlyForDeploymentPostprocessing = 0;
		};
/* End PBXResourcesBuildPhase section */

/* Begin PBXSourcesBuildPhase section */
		8A16E6D31C113A7E003E460E /* Sources */ = {
			isa = PBXSourcesBuildPhase;
			buildActionMask = 2147483647;
			files = (
				8A16E6ED1C113C83003E460E /* dataStruct.swift in Sources */,
				8A16E6DD1C113A7E003E460E /* ViewController.swift in Sources */,
				8A16E6DB1C113A7E003E460E /* AppDelegate.swift in Sources */,
			);
			runOnlyForDeploymentPostprocessing = 0;
		};
/* End PBXSourcesBuildPhase section */

/* Begin PBXVariantGroup section */
		8A16E6DE1C113A7E003E460E /* Main.storyboard */ = {
			isa = PBXVariantGroup;
			children = (
				8A16E6DF1C113A7E003E460E /* Base */,
			);
			name = Main.storyboard;
			sourceTree = "<group>";
		};
		8A16E6E31C113A7E003E460E /* LaunchScreen.storyboard */ = {
			isa = PBXVariantGroup;
			children = (
				8A16E6E41C113A7E003E460E /* Base */,
			);
			name = LaunchScreen.storyboard;
			sourceTree = "<group>";
		};
/* End PBXVariantGroup section */

/* Begin XCBuildConfiguration section */
		8A16E6E71C113A7E003E460E /* Debug */ = {
			isa = XCBuildConfiguration;
			buildSettings = {
				ALWAYS_SEARCH_USER_PATHS = NO;
				CLANG_CXX_LANGUAGE_STANDARD = "gnu++0x";
				CLANG_CXX_LIBRARY = "libc++";
				CLANG_ENABLE_MODULES = YES;
				CLANG_ENABLE_OBJC_ARC = YES;
				CLANG_WARN_BOOL_CONVERSION = YES;
				CLANG_WARN_CONSTANT_CONVERSION = YES;
				CLANG_WARN_DIRECT_OBJC_ISA_USAGE = YES_ERROR;
				CLANG_WARN_EMPTY_BODY = YES;
				CLANG_WARN_ENUM_CONVERSION = YES;
				CLANG_WARN_INT_CONVERSION = YES;
				CLANG_WARN_OBJC_ROOT_CLASS = YES_ERROR;
				CLANG_WARN_UNREACHABLE_CODE = YES;
				CLANG_WARN__DUPLICATE_METHOD_MATCH = YES;
				"CODE_SIGN_IDENTITY[sdk=iphoneos*]" = "iPhone Developer";
				COPY_PHASE_STRIP = NO;
				DEBUG_INFORMATION_FORMAT = dwarf;
				ENABLE_STRICT_OBJC_MSGSEND = YES;
				ENABLE_TESTABILITY = YES;
				GCC_C_LANGUAGE_STANDARD = gnu99;
				GCC_DYNAMIC_NO_PIC = NO;
				GCC_NO_COMMON_BLOCKS = YES;
				GCC_OPTIMIZATION_LEVEL = 0;
				GCC_PREPROCESSOR_DEFINITIONS = (
					"DEBUG=1",
					"$(inherited)",
				);
				GCC_WARN_64_TO_32_BIT_CONVERSION = YES;
				GCC_WARN_ABOUT_RETURN_TYPE = YES_ERROR;
				GCC_WARN_UNDECLARED_SELECTOR = YES;
				GCC_WARN_UNINITIALIZED_AUTOS = YES_AGGRESSIVE;
				GCC_WARN_UNUSED_FUNCTION = YES;
				GCC_WARN_UNUSED_VARIABLE = YES;
				IPHONEOS_DEPLOYMENT_TARGET = 9.1;
				MTL_ENABLE_DEBUG_INFO = YES;
				ONLY_ACTIVE_ARCH = YES;
				SDKROOT = iphoneos;
				SWIFT_OPTIMIZATION_LEVEL = "-Onone";
			};
			name = Debug;
		};
		8A16E6E81C113A7E003E460E /* Release */ = {
			isa = XCBuildConfiguration;
			buildSettings = {
				ALWAYS_SEARCH_USER_PATHS = NO;
				CLANG_CXX_LANGUAGE_STANDARD = "gnu++0x";
				CLANG_CXX_LIBRARY = "libc++";
				CLANG_ENABLE_MODULES = YES;
				CLANG_ENABLE_OBJC_ARC = YES;
				CLANG_WARN_BOOL_CONVERSION = YES;
				CLANG_WARN_CONSTANT_CONVERSION = YES;
				CLANG_WARN_DIRECT_OBJC_ISA_USAGE = YES_ERROR;
				CLANG_WARN_EMPTY_BODY = YES;
				CLANG_WARN_ENUM_CONVERSION = YES;
				CLANG_WARN_INT_CONVERSION = YES;
				CLANG_WARN_OBJC_ROOT_CLASS = YES_ERROR;
				CLANG_WARN_UNREACHABLE_CODE = YES;
				CLANG_WARN__DUPLICATE_METHOD_MATCH = YES;
				"CODE_SIGN_IDENTITY[sdk=iphoneos*]" = "iPhone Developer";
				COPY_PHASE_STRIP = NO;
				DEBUG_INFORMATION_FORMAT = "dwarf-with-dsym";
				ENABLE_NS_ASSERTIONS = NO;
				ENABLE_STRICT_OBJC_MSGSEND = YES;
				GCC_C_LANGUAGE_STANDARD = gnu99;
				GCC_NO_COMMON_BLOCKS = YES;
				GCC_WARN_64_TO_32_BIT_CONVERSION = YES;
				GCC_WARN_ABOUT_RETURN_TYPE = YES_ERROR;
				GCC_WARN_UNDECLARED_SELECTOR = YES;
				GCC_WARN_UNINITIALIZED_AUTOS = YES_AGGRESSIVE;
				GCC_WARN_UNUSED_FUNCTION = YES;
				GCC_WARN_UNUSED_VARIABLE = YES;
				IPHONEOS_DEPLOYMENT_TARGET = 9.1;
				MTL_ENABLE_DEBUG_INFO = NO;
				SDKROOT = iphoneos;
				VALIDATE_PRODUCT = YES;
			};
			name = Release;
		};
		8A16E6EA1C113A7E003E460E /* Debug */ = {
			isa = XCBuildConfiguration;
			buildSettings = {
				ASSETCATALOG_COMPILER_APPICON_NAME = AppIcon;
				INFOPLIST_FILE = masFeliz/Info.plist;
				LD_RUNPATH_SEARCH_PATHS = "$(inherited) @executable_path/Frameworks";
				PRODUCT_BUNDLE_IDENTIFIER = com.fkrv.masFeliz;
				PRODUCT_NAME = "$(TARGET_NAME)";
			};
			name = Debug;
		};
		8A16E6EB1C113A7E003E460E /* Release */ = {
			isa = XCBuildConfiguration;
			buildSettings = {
				ASSETCATALOG_COMPILER_APPICON_NAME = AppIcon;
				INFOPLIST_FILE = masFeliz/Info.plist;
				LD_RUNPATH_SEARCH_PATHS = "$(inherited) @executable_path/Frameworks";
				PRODUCT_BUNDLE_IDENTIFIER = com.fkrv.masFeliz;
				PRODUCT_NAME = "$(TARGET_NAME)";
			};
			name = Release;
		};
/* End XCBuildConfiguration section */

/* Begin XCConfigurationList section */
		8A16E6D21C113A7E003E460E /* Build configuration list for PBXProject "masFeliz" */ = {
			isa = XCConfigurationList;
			buildConfigurations = (
				8A16E6E71C113A7E003E460E /* Debug */,
				8A16E6E81C113A7E003E460E /* Release */,
			);
			defaultConfigurationIsVisible = 0;
			defaultConfigurationName = Release;
		};
		8A16E6E91C113A7E003E460E /* Build configuration list for PBXNativeTarget "masFeliz" */ = {
			isa = XCConfigurationList;
			buildConfigurations = (
				8A16E6EA1C113A7E003E460E /* Debug */,
				8A16E6EB1C113A7E003E460E /* Release */,
			);
			defaultConfigurationIsVisible = 0;
		};
/* End XCConfigurationList section */
	};
	rootObject = 8A16E6CF1C113A7E003E460E /* Project object */;
}
